
Microsoft Visual Studio Solution File, Format Version 11.00
# Visual Studio 2010
Project("{FAE04EC0-301F-11D3-BF4B-00C04F79EFBC}") = "JetBrains.Annotations.NET.2.0", "JetBrains.Annotations.NET.2.0.csproj", "{BF9559ED-3943-48FA-B6CE-8B9D73805C29}"
EndProject
Global
	GlobalSection(SolutionConfigurationPlatforms) = preSolution
		Debug|Any CPU = Debug|Any CPU
		Release|Any CPU = Release|Any CPU
	EndGlobalSection
	GlobalSection(ProjectConfigurationPlatforms) = postSolution
		{BF9559ED-3943-48FA-B6CE-8B9D73805C29}.Debug|Any CPU.ActiveCfg = Debug|Any CPU
		{BF9559ED-3943-48FA-B6CE-8B9D73805C29}.Debug|Any CPU.Build.0 = Debug|Any CPU
		{BF9559ED-3943-48FA-B6CE-8B9D73805C29}.Release|Any CPU.ActiveCfg = Release|Any CPU
		{BF9559ED-3943-48FA-B6CE-8B9D73805C29}.Release|Any CPU.Build.0 = Release|Any CPU
	EndGlobalSection
	GlobalSection(SolutionProperties) = preSolution
		HideSolutionNode = FALSE
	EndGlobalSection
EndGlobal
